
Microsoft Visual Studio Solution File, Format Version 12.00
# Visual Studio Version 17
VisualStudioVersion = 17.3.32901.215
MinimumVisualStudioVersion = 10.0.40219.1
Project("{FAE04EC0-301F-11D3-BF4B-00C04F79EFBC}") = "RendaFixaExpert", "RendaFixaExpert.csproj", "{5B829204-E05A-429B-A509-09B01FDDB34F}"
EndProject
Global
	GlobalSection(SolutionConfigurationPlatforms) = preSolution
		Debug|Any CPU = Debug|Any CPU
		Release|Any CPU = Release|Any CPU
	EndGlobalSection
	GlobalSection(ProjectConfigurationPlatforms) = postSolution
		{5B829204-E05A-429B-A509-09B01FDDB34F}.Debug|Any CPU.ActiveCfg = Debug|Any CPU
		{5B829204-E05A-429B-A509-09B01FDDB34F}.Debug|Any CPU.Build.0 = Debug|Any CPU
		{5B829204-E05A-429B-A509-09B01FDDB34F}.Release|Any CPU.ActiveCfg = Release|Any CPU
		{5B829204-E05A-429B-A509-09B01FDDB34F}.Release|Any CPU.Build.0 = Release|Any CPU
	EndGlobalSection
	GlobalSection(SolutionProperties) = preSolution
		HideSolutionNode = FALSE
	EndGlobalSection
	GlobalSection(ExtensibilityGlobals) = postSolution
		SolutionGuid = {3E80226C-2349-4E1C-B882-74ACFC6E588A}
	EndGlobalSection
EndGlobal
